
Microsoft Visual Studio Solution File, Format Version 12.00
# Visual Studio 15
VisualStudioVersion = 15.0.25921.0
MinimumVisualStudioVersion = 10.0.40219.1
Project("{FAE04EC0-301F-11D3-BF4B-00C04F79EFBC}") = "PackageInstaller", "src\PackageInstaller.csproj", "{4B60C4ED-AB01-4F2E-96B4-241E7C8A67E8}"
EndProject
Project("{2150E333-8FDC-42A3-9474-1A3956D46DE8}") = "Solution Items", "Solution Items", "{004F9641-E395-42E1-942A-B68D4FFAA0D3}"
	ProjectSection(SolutionItems) = preProject
		appveyor.yml = appveyor.yml
		CHANGELOG.md = CHANGELOG.md
		README.md = README.md
	EndProjectSection
EndProject
Global
	GlobalSection(SolutionConfigurationPlatforms) = preSolution
		Debug|Any CPU = Debug|Any CPU
		Release|Any CPU = Release|Any CPU
	EndGlobalSection
	GlobalSection(ProjectConfigurationPlatforms) = postSolution
		{4B60C4ED-AB01-4F2E-96B4-241E7C8A67E8}.Debug|Any CPU.ActiveCfg = Debug|Any CPU
		{4B60C4ED-AB01-4F2E-96B4-241E7C8A67E8}.Debug|Any CPU.Build.0 = Debug|Any CPU
		{4B60C4ED-AB01-4F2E-96B4-241E7C8A67E8}.Release|Any CPU.ActiveCfg = Release|Any CPU
		{4B60C4ED-AB01-4F2E-96B4-241E7C8A67E8}.Release|Any CPU.Build.0 = Release|Any CPU
	EndGlobalSection
	GlobalSection(SolutionProperties) = preSolution
		HideSolutionNode = FALSE
	EndGlobalSection
EndGlobal
